
Microsoft Visual Studio Solution File, Format Version 12.00
# Visual Studio Version 17
VisualStudioVersion = 17.9.34728.123
MinimumVisualStudioVersion = 10.0.40219.1
Project("{9A19103F-16F7-4668-BE54-9A1E7A4F7556}") = "Microsoft.Extensions.Configuration.AzureUserData", "src\Microsoft.Extensions.Configuration.AzureUserData.csproj", "{63226BF2-30EB-4BD2-A5F5-73A3D19840B2}"
EndProject
Project("{2150E333-8FDC-42A3-9474-1A3956D46DE8}") = "Solution Items", "Solution Items", "{664FDCBE-EE3F-45AC-BC6D-388A7D075F81}"
	ProjectSection(SolutionItems) = preProject
		LICENSE = LICENSE
		README.md = README.md
	EndProjectSection
EndProject
Global
	GlobalSection(SolutionConfigurationPlatforms) = preSolution
		Debug|Any CPU = Debug|Any CPU
		Release|Any CPU = Release|Any CPU
	EndGlobalSection
	GlobalSection(ProjectConfigurationPlatforms) = postSolution
		{63226BF2-30EB-4BD2-A5F5-73A3D19840B2}.Debug|Any CPU.ActiveCfg = Debug|Any CPU
		{63226BF2-30EB-4BD2-A5F5-73A3D19840B2}.Debug|Any CPU.Build.0 = Debug|Any CPU
		{63226BF2-30EB-4BD2-A5F5-73A3D19840B2}.Release|Any CPU.ActiveCfg = Release|Any CPU
		{63226BF2-30EB-4BD2-A5F5-73A3D19840B2}.Release|Any CPU.Build.0 = Release|Any CPU
	EndGlobalSection
	GlobalSection(SolutionProperties) = preSolution
		HideSolutionNode = FALSE
	EndGlobalSection
	GlobalSection(ExtensibilityGlobals) = postSolution
		SolutionGuid = {E0DB340C-D6E7-40E5-A166-421270727D70}
	EndGlobalSection
EndGlobal
